<Solution>
  <Folder Name="/benchmarks/">
    <Project Path="benchmarks/Full.NET.Benchmarks/Full.NET.Benchmarks.csproj" />
  </Folder>
  <Folder Name="/src/" />
  <Folder Name="/src/BuildingBlocks/">
    <Project Path="src/BuildingBlocks/Full.NET.Abstractions/Full.NET.Abstractions.csproj" />
    <Project Path="src/BuildingBlocks/Full.NET.Caching.Fusion/Full.NET.Caching.Fusion.csproj" />
    <Project Path="src/BuildingBlocks/Full.NET.Data.Abstractions/Full.NET.Data.Abstractions.csproj" />
    <Project Path="src/BuildingBlocks/Full.NET.Data.CodeGeneration/Full.NET.Data.CodeGeneration.csproj" />
    <Project Path="src/BuildingBlocks/Full.NET.Data.Dapper/Full.NET.Data.Dapper.csproj" />
    <Project Path="src/BuildingBlocks/Full.NET.Data.MySql/Full.NET.Data.MySql.csproj" />
    <Project Path="src/BuildingBlocks/Full.NET.Hosting/Full.NET.Hosting.csproj" />
    <Project Path="src/BuildingBlocks/Full.NET.Localization/Full.NET.Localization.csproj" />
    <Project Path="src/BuildingBlocks/Full.NET.Migrations.DbUp/Full.NET.Migrations.DbUp.csproj" />
    <Project Path="src/BuildingBlocks/Full.NET.Modularity/Full.NET.Modularity.csproj" />
    <Project Path="src/BuildingBlocks/Full.NET.Realtime.Abstractions/Full.NET.Realtime.Abstractions.csproj" />
    <Project Path="src/BuildingBlocks/Full.NET.Realtime.SignalR/Full.NET.Realtime.SignalR.csproj" />
    <Project Path="src/BuildingBlocks/Full.NET.Serialization.MessagePack/Full.NET.Serialization.MessagePack.csproj" />
    <Project Path="src/BuildingBlocks/Full.NET.Seeding.Abstractions/Full.NET.Seeding.Abstractions.csproj" />
    <Project Path="src/BuildingBlocks/Full.NET.Seeding.Dapper/Full.NET.Seeding.Dapper.csproj" />
    <Project Path="src/BuildingBlocks/Full.NET.Validation.FluentValidation/Full.NET.Validation.FluentValidation.csproj" />
  </Folder>
  <Folder Name="/src/Compatibility/">
    <Project Path="src/Compatibility/Full.NET.Compatibility.AdminNet/Full.NET.Compatibility.AdminNet.csproj" />
  </Folder>
  <Folder Name="/src/Composition/">
    <Project Path="src/Composition/Full.NET.Composition/Full.NET.Composition.csproj" />
  </Folder>
  <Folder Name="/src/Hosts/">
    <Project Path="src/Hosts/Full.NET.AppHost/Full.NET.AppHost.csproj" />
    <Project Path="src/Hosts/Full.NET.Host.Api/Full.NET.Host.Api.csproj" />
    <Project Path="src/Hosts/Full.NET.Host.Migrator/Full.NET.Host.Migrator.csproj" />
    <Project Path="src/Hosts/Full.NET.Host.Worker/Full.NET.Host.Worker.csproj" />
  </Folder>
  <Folder Name="/src/Tools/">
    <Project Path="src/Tools/Full.NET.CodeGeneration.Cli/Full.NET.CodeGeneration.Cli.csproj" />
  </Folder>
  <Folder Name="/src/Modules/">
    <Project Path="src/Modules/Full.NET.Modules.Identity/Full.NET.Modules.Identity.csproj" />
    <Project Path="src/Modules/Full.NET.Modules.Identity.Contracts/Full.NET.Modules.Identity.Contracts.csproj" />
    <Project Path="src/Modules/Full.NET.Modules.Tenancy/Full.NET.Modules.Tenancy.csproj" />
    <Project Path="src/Modules/Full.NET.Modules.Organization/Full.NET.Modules.Organization.csproj" />
    <Project Path="src/Modules/Full.NET.Modules.Organization.Contracts/Full.NET.Modules.Organization.Contracts.csproj" />
    <Project Path="src/Modules/Full.NET.Modules.Settings/Full.NET.Modules.Settings.csproj" />
    <Project Path="src/Modules/Full.NET.Modules.Settings.Contracts/Full.NET.Modules.Settings.Contracts.csproj" />
    <Project Path="src/Modules/Full.NET.Modules.Auditing/Full.NET.Modules.Auditing.csproj" />
    <Project Path="src/Modules/Full.NET.Modules.Files/Full.NET.Modules.Files.csproj" />
    <Project Path="src/Modules/Full.NET.Modules.Files.Contracts/Full.NET.Modules.Files.Contracts.csproj" />
    <Project Path="src/Modules/Full.NET.Modules.Document/Full.NET.Modules.Document.csproj" />
    <Project Path="src/Modules/Full.NET.Modules.Notifications/Full.NET.Modules.Notifications.csproj" />
    <Project Path="src/Modules/Full.NET.Modules.Jobs/Full.NET.Modules.Jobs.csproj" />
    <Project Path="src/Modules/Full.NET.Modules.CodeGeneration/Full.NET.Modules.CodeGeneration.csproj" />
    <Project Path="src/Modules/Full.NET.Modules.SerialNumbers/Full.NET.Modules.SerialNumbers.csproj" />
  </Folder>
  <Folder Name="/tests/">
    <Project Path="tests/Full.NET.ArchitectureTests/Full.NET.ArchitectureTests.csproj" />
    <Project Path="tests/Full.NET.CompatibilityTests/Full.NET.CompatibilityTests.csproj" />
    <Project Path="tests/Full.NET.IntegrationTests/Full.NET.IntegrationTests.csproj" />
    <Project Path="tests/Full.NET.UnitTests/Full.NET.UnitTests.csproj" />
  </Folder>
</Solution>
